
Microsoft Visual Studio Solution File, Format Version 12.00
# Visual Studio Version 16
VisualStudioVersion = 16.0.31025.194
MinimumVisualStudioVersion = 10.0.40219.1
Project("{FAE04EC0-301F-11D3-BF4B-00C04F79EFBC}") = "TelegrambotExamenFinal", "TelegrambotExamenFinal\TelegrambotExamenFinal.csproj", "{BBAAF575-3297-4F6B-84F7-DBD7F3B131EA}"
EndProject
Global
	GlobalSection(SolutionConfigurationPlatforms) = preSolution
		Debug|Any CPU = Debug|Any CPU
		Release|Any CPU = Release|Any CPU
	EndGlobalSection
	GlobalSection(ProjectConfigurationPlatforms) = postSolution
		{BBAAF575-3297-4F6B-84F7-DBD7F3B131EA}.Debug|Any CPU.ActiveCfg = Debug|Any CPU
		{BBAAF575-3297-4F6B-84F7-DBD7F3B131EA}.Debug|Any CPU.Build.0 = Debug|Any CPU
		{BBAAF575-3297-4F6B-84F7-DBD7F3B131EA}.Release|Any CPU.ActiveCfg = Release|Any CPU
		{BBAAF575-3297-4F6B-84F7-DBD7F3B131EA}.Release|Any CPU.Build.0 = Release|Any CPU
	EndGlobalSection
	GlobalSection(SolutionProperties) = preSolution
		HideSolutionNode = FALSE
	EndGlobalSection
	GlobalSection(ExtensibilityGlobals) = postSolution
		SolutionGuid = {4F5A30C5-46B0-4D6C-A9DD-DFFC44F8843B}
	EndGlobalSection
EndGlobal
